// !$*UTF8*$!
{
	archiveVersion = 1;
	classes = {
	};
	objectVersion = 46;
	objects = {

/* Begin PBXBuildFile section */
		3F7CBE641596CBFD00FE3C92 /* UIKit.framework in Frameworks */ = {isa = PBXBuildFile; fileRef = 3F7CBE631596CBFD00FE3C92 /* UIKit.framework */; };
		3F7CBE661596CBFD00FE3C92 /* Foundation.framework in Frameworks */ = {isa = PBXBuildFile; fileRef = 3F7CBE651596CBFD00FE3C92 /* Foundation.framework */; };
		3F7CBE681596CBFD00FE3C92 /* CoreGraphics.framework in Frameworks */ = {isa = PBXBuildFile; fileRef = 3F7CBE671596CBFD00FE3C92 /* CoreGraphics.framework */; };
		3F7CBE6E1596CBFD00FE3C92 /* InfoPlist.strings in Resources */ = {isa = PBXBuildFile; fileRef = 3F7CBE6C1596CBFD00FE3C92 /* InfoPlist.strings */; };
		3F7CBE701596CBFD00FE3C92 /* main.m in Sources */ = {isa = PBXBuildFile; fileRef = 3F7CBE6F1596CBFD00FE3C92 /* main.m */; };
		3F7CBE741596CBFD00FE3C92 /* AppDelegate.m in Sources */ = {isa = PBXBuildFile; fileRef = 3F7CBE731596CBFD00FE3C92 /* AppDelegate.m */; };
		3F7CBE7C1596CCE700FE3C92 /* BookController.m in Sources */ = {isa = PBXBuildFile; fileRef = 3F7CBE7B1596CCE700FE3C92 /* BookController.m */; };
/* End PBXBuildFile section */

/* Begin PBXFileReference section */
		3F7CBE5F1596CBFD00FE3C92 /* HelloWorldCD2.app */ = {isa = PBXFileReference; explicitFileType = wrapper.application; includeInIndex = 0; path = HelloWorldCD2.app; sourceTree = BUILT_PRODUCTS_DIR; };
		3F7CBE631596CBFD00FE3C92 /* UIKit.framework */ = {isa = PBXFileReference; lastKnownFileType = wrapper.framework; name = UIKit.framework; path = System/Library/Frameworks/UIKit.framework; sourceTree = SDKROOT; };
		3F7CBE651596CBFD00FE3C92 /* Foundation.framework */ = {isa = PBXFileReference; lastKnownFileType = wrapper.framework; name = Foundation.framework; path = System/Library/Frameworks/Foundation.framework; sourceTree = SDKROOT; };
		3F7CBE671596CBFD00FE3C92 /* CoreGraphics.framework */ = {isa = PBXFileReference; lastKnownFileType = wrapper.framework; name = CoreGraphics.framework; path = System/Library/Frameworks/CoreGraphics.framework; sourceTree = SDKROOT; };
		3F7CBE6B1596CBFD00FE3C92 /* HelloWorldCD2-Info.plist */ = {isa = PBXFileReference; lastKnownFileType = text.plist.xml; path = "HelloWorldCD2-Info.plist"; sourceTree = "<group>"; };
		3F7CBE6D1596CBFD00FE3C92 /* en */ = {isa = PBXFileReference; lastKnownFileType = text.plist.strings; name = en; path = en.lproj/InfoPlist.strings; sourceTree = "<group>"; };
		3F7CBE6F1596CBFD00FE3C92 /* main.m */ = {isa = PBXFileReference; lastKnownFileType = sourcecode.c.objc; path = main.m; sourceTree = "<group>"; };
		3F7CBE711596CBFD00FE3C92 /* HelloWorldCD2-Prefix.pch */ = {isa = PBXFileReference; lastKnownFileType = sourcecode.c.h; path = "HelloWorldCD2-Prefix.pch"; sourceTree = "<group>"; };
		3F7CBE721596CBFD00FE3C92 /* AppDelegate.h */ = {isa = PBXFileReference; lastKnownFileType = sourcecode.c.h; path = AppDelegate.h; sourceTree = "<group>"; };
		3F7CBE731596CBFD00FE3C92 /* AppDelegate.m */ = {isa = PBXFileReference; lastKnownFileType = sourcecode.c.objc; path = AppDelegate.m; sourceTree = "<group>"; };
		3F7CBE7A1596CCE700FE3C92 /* BookController.h */ = {isa = PBXFileReference; fileEncoding = 4; lastKnownFileType = sourcecode.c.h; path = BookController.h; sourceTree = "<group>"; };
		3F7CBE7B1596CCE700FE3C92 /* BookController.m */ = {isa = PBXFileReference; fileEncoding = 4; lastKnownFileType = sourcecode.c.objc; path = BookController.m; sourceTree = "<group>"; };
/* End PBXFileReference section */

/* Begin PBXFrameworksBuildPhase section */
		3F7CBE5C1596CBFD00FE3C92 /* Frameworks */ = {
			isa = PBXFrameworksBuildPhase;
			buildActionMask = 2147483647;
			files = (
				3F7CBE641596CBFD00FE3C92 /* UIKit.framework in Frameworks */,
				3F7CBE661596CBFD00FE3C92 /* Foundation.framework in Frameworks */,
				3F7CBE681596CBFD00FE3C92 /* CoreGraphics.framework in Frameworks */,
			);
			runOnlyForDeploymentPostprocessing = 0;
		};
/* End PBXFrameworksBuildPhase section */

/* Begin PBXGroup section */
		3F7CBE541596CBFD00FE3C92 = {
			isa = PBXGroup;
			children = (
				3F7CBE691596CBFD00FE3C92 /* HelloWorldCD2 */,
				3F7CBE621596CBFD00FE3C92 /* Frameworks */,
				3F7CBE601596CBFD00FE3C92 /* Products */,
			);
			sourceTree = "<group>";
		};
		3F7CBE601596CBFD00FE3C92 /* Products */ = {
			isa = PBXGroup;
			children = (
				3F7CBE5F1596CBFD00FE3C92 /* HelloWorldCD2.app */,
			);
			name = Products;
			sourceTree = "<group>";
		};
		3F7CBE621596CBFD00FE3C92 /* Frameworks */ = {
			isa = PBXGroup;
			children = (
				3F7CBE631596CBFD00FE3C92 /* UIKit.framework */,
				3F7CBE651596CBFD00FE3C92 /* Foundation.framework */,
				3F7CBE671596CBFD00FE3C92 /* CoreGraphics.framework */,
			);
			name = Frameworks;
			sourceTree = "<group>";
		};
		3F7CBE691596CBFD00FE3C92 /* HelloWorldCD2 */ = {
			isa = PBXGroup;
			children = (
				3F7CBE721596CBFD00FE3C92 /* AppDelegate.h */,
				3F7CBE731596CBFD00FE3C92 /* AppDelegate.m */,
				3F7CBE6A1596CBFD00FE3C92 /* Supporting Files */,
				3F7CBE7A1596CCE700FE3C92 /* BookController.h */,
				3F7CBE7B1596CCE700FE3C92 /* BookController.m */,
			);
			path = HelloWorldCD2;
			sourceTree = "<group>";
		};
		3F7CBE6A1596CBFD00FE3C92 /* Supporting Files */ = {
			isa = PBXGroup;
			children = (
				3F7CBE6B1596CBFD00FE3C92 /* HelloWorldCD2-Info.plist */,
				3F7CBE6C1596CBFD00FE3C92 /* InfoPlist.strings */,
				3F7CBE6F1596CBFD00FE3C92 /* main.m */,
				3F7CBE711596CBFD00FE3C92 /* HelloWorldCD2-Prefix.pch */,
			);
			name = "Supporting Files";
			sourceTree = "<group>";
		};
/* End PBXGroup section */

/* Begin PBXNativeTarget section */
		3F7CBE5E1596CBFD00FE3C92 /* HelloWorldCD2 */ = {
			isa = PBXNativeTarget;
			buildConfigurationList = 3F7CBE771596CBFD00FE3C92 /* Build configuration list for PBXNativeTarget "HelloWorldCD2" */;
			buildPhases = (
				3F7CBE5B1596CBFD00FE3C92 /* Sources */,
				3F7CBE5C1596CBFD00FE3C92 /* Frameworks */,
				3F7CBE5D1596CBFD00FE3C92 /* Resources */,
			);
			buildRules = (
			);
			dependencies = (
			);
			name = HelloWorldCD2;
			productName = HelloWorldCD2;
			productReference = 3F7CBE5F1596CBFD00FE3C92 /* HelloWorldCD2.app */;
			productType = "com.apple.product-type.application";
		};
/* End PBXNativeTarget section */

/* Begin PBXProject section */
		3F7CBE561596CBFD00FE3C92 /* Project object */ = {
			isa = PBXProject;
			attributes = {
				LastUpgradeCheck = 0420;
				ORGANIZATIONNAME = "CoderDream's Studio";
			};
			buildConfigurationList = 3F7CBE591596CBFD00FE3C92 /* Build configuration list for PBXProject "HelloWorldCD2" */;
			compatibilityVersion = "Xcode 3.2";
			developmentRegion = English;
			hasScannedForEncodings = 0;
			knownRegions = (
				en,
			);
			mainGroup = 3F7CBE541596CBFD00FE3C92;
			productRefGroup = 3F7CBE601596CBFD00FE3C92 /* Products */;
			projectDirPath = "";
			projectRoot = "";
			targets = (
				3F7CBE5E1596CBFD00FE3C92 /* HelloWorldCD2 */,
			);
		};
/* End PBXProject section */

/* Begin PBXResourcesBuildPhase section */
		3F7CBE5D1596CBFD00FE3C92 /* Resources */ = {
			isa = PBXResourcesBuildPhase;
			buildActionMask = 2147483647;
			files = (
				3F7CBE6E1596CBFD00FE3C92 /* InfoPlist.strings in Resources */,
			);
			runOnlyForDeploymentPostprocessing = 0;
		};
/* End PBXResourcesBuildPhase section */

/* Begin PBXSourcesBuildPhase section */
		3F7CBE5B1596CBFD00FE3C92 /* Sources */ = {
			isa = PBXSourcesBuildPhase;
			buildActionMask = 2147483647;
			files = (
				3F7CBE701596CBFD00FE3C92 /* main.m in Sources */,
				3F7CBE741596CBFD00FE3C92 /* AppDelegate.m in Sources */,
				3F7CBE7C1596CCE700FE3C92 /* BookController.m in Sources */,
			);
			runOnlyForDeploymentPostprocessing = 0;
		};
/* End PBXSourcesBuildPhase section */

/* Begin PBXVariantGroup section */
		3F7CBE6C1596CBFD00FE3C92 /* InfoPlist.strings */ = {
			isa = PBXVariantGroup;
			children = (
				3F7CBE6D1596CBFD00FE3C92 /* en */,
			);
			name = InfoPlist.strings;
			sourceTree = "<group>";
		};
/* End PBXVariantGroup section */

/* Begin XCBuildConfiguration section */
		3F7CBE751596CBFD00FE3C92 /* Debug */ = {
			isa = XCBuildConfiguration;
			buildSettings = {
				ALWAYS_SEARCH_USER_PATHS = NO;
				ARCHS = "$(ARCHS_STANDARD_32_BIT)";
				"CODE_SIGN_IDENTITY[sdk=iphoneos*]" = "iPhone Developer";
				COPY_PHASE_STRIP = NO;
				GCC_C_LANGUAGE_STANDARD = gnu99;
				GCC_DYNAMIC_NO_PIC = NO;
				GCC_OPTIMIZATION_LEVEL = 0;
				GCC_PREPROCESSOR_DEFINITIONS = (
					"DEBUG=1",
					"$(inherited)",
				);
				GCC_SYMBOLS_PRIVATE_EXTERN = NO;
				GCC_VERSION = com.apple.compilers.llvm.clang.1_0;
				GCC_WARN_ABOUT_MISSING_PROTOTYPES = YES;
				GCC_WARN_ABOUT_RETURN_TYPE = YES;
				GCC_WARN_UNUSED_VARIABLE = YES;
				IPHONEOS_DEPLOYMENT_TARGET = 5.0;
				SDKROOT = iphoneos;
			};
			name = Debug;
		};
		3F7CBE761596CBFD00FE3C92 /* Release */ = {
			isa = XCBuildConfiguration;
			buildSettings = {
				ALWAYS_SEARCH_USER_PATHS = NO;
				ARCHS = "$(ARCHS_STANDARD_32_BIT)";
				"CODE_SIGN_IDENTITY[sdk=iphoneos*]" = "iPhone Developer";
				COPY_PHASE_STRIP = YES;
				GCC_C_LANGUAGE_STANDARD = gnu99;
				GCC_VERSION = com.apple.compilers.llvm.clang.1_0;
				GCC_WARN_ABOUT_MISSING_PROTOTYPES = YES;
				GCC_WARN_ABOUT_RETURN_TYPE = YES;
				GCC_WARN_UNUSED_VARIABLE = YES;
				IPHONEOS_DEPLOYMENT_TARGET = 5.0;
				OTHER_CFLAGS = "-DNS_BLOCK_ASSERTIONS=1";
				SDKROOT = iphoneos;
				VALIDATE_PRODUCT = YES;
			};
			name = Release;
		};
		3F7CBE781596CBFD00FE3C92 /* Debug */ = {
			isa = XCBuildConfiguration;
			buildSettings = {
				GCC_PRECOMPILE_PREFIX_HEADER = YES;
				GCC_PREFIX_HEADER = "HelloWorldCD2/HelloWorldCD2-Prefix.pch";
				INFOPLIST_FILE = "HelloWorldCD2/HelloWorldCD2-Info.plist";
				PRODUCT_NAME = "$(TARGET_NAME)";
				WRAPPER_EXTENSION = app;
			};
			name = Debug;
		};
		3F7CBE791596CBFD00FE3C92 /* Release */ = {
			isa = XCBuildConfiguration;
			buildSettings = {
				GCC_PRECOMPILE_PREFIX_HEADER = YES;
				GCC_PREFIX_HEADER = "HelloWorldCD2/HelloWorldCD2-Prefix.pch";
				INFOPLIST_FILE = "HelloWorldCD2/HelloWorldCD2-Info.plist";
				PRODUCT_NAME = "$(TARGET_NAME)";
				WRAPPER_EXTENSION = app;
			};
			name = Release;
		};
/* End XCBuildConfiguration section */

/* Begin XCConfigurationList section */
		3F7CBE591596CBFD00FE3C92 /* Build configuration list for PBXProject "HelloWorldCD2" */ = {
			isa = XCConfigurationList;
			buildConfigurations = (
				3F7CBE751596CBFD00FE3C92 /* Debug */,
				3F7CBE761596CBFD00FE3C92 /* Release */,
			);
			defaultConfigurationIsVisible = 0;
			defaultConfigurationName = Release;
		};
		3F7CBE771596CBFD00FE3C92 /* Build configuration list for PBXNativeTarget "HelloWorldCD2" */ = {
			isa = XCConfigurationList;
			buildConfigurations = (
				3F7CBE781596CBFD00FE3C92 /* Debug */,
				3F7CBE791596CBFD00FE3C92 /* Release */,
			);
			defaultConfigurationIsVisible = 0;
		};
/* End XCConfigurationList section */
	};
	rootObject = 3F7CBE561596CBFD00FE3C92 /* Project object */;
}
